
Microsoft Visual Studio Solution File, Format Version 12.00
# Visual Studio 15
VisualStudioVersion = 15.0.27004.2005
MinimumVisualStudioVersion = 10.0.40219.1
Project("{FAE04EC0-301F-11D3-BF4B-00C04F79EFBC}") = "ConsoleApp1", "ConsoleApp1\ConsoleApp1.csproj", "{31C2BF20-E752-4391-9F8C-47FC4DAC29E9}"
EndProject
Global
	GlobalSection(SolutionConfigurationPlatforms) = preSolution
		Debug|Any CPU = Debug|Any CPU
		Release|Any CPU = Release|Any CPU
	EndGlobalSection
	GlobalSection(ProjectConfigurationPlatforms) = postSolution
		{31C2BF20-E752-4391-9F8C-47FC4DAC29E9}.Debug|Any CPU.ActiveCfg = Debug|Any CPU
		{31C2BF20-E752-4391-9F8C-47FC4DAC29E9}.Debug|Any CPU.Build.0 = Debug|Any CPU
		{31C2BF20-E752-4391-9F8C-47FC4DAC29E9}.Release|Any CPU.ActiveCfg = Release|Any CPU
		{31C2BF20-E752-4391-9F8C-47FC4DAC29E9}.Release|Any CPU.Build.0 = Release|Any CPU
	EndGlobalSection
	GlobalSection(SolutionProperties) = preSolution
		HideSolutionNode = FALSE
	EndGlobalSection
	GlobalSection(ExtensibilityGlobals) = postSolution
		SolutionGuid = {64B4B255-A99B-4AAF-9A75-58B5AAC1C95B}
	EndGlobalSection
EndGlobal
