
Microsoft Visual Studio Solution File, Format Version 12.00
# Visual Studio 15
VisualStudioVersion = 15.0.27004.2005
MinimumVisualStudioVersion = 10.0.40219.1
Project("{FAE04EC0-301F-11D3-BF4B-00C04F79EFBC}") = "Question game", "Question game\Question game.csproj", "{668B6DC2-84A9-4151-A8F8-AFA652B37D3F}"
EndProject
Global
	GlobalSection(SolutionConfigurationPlatforms) = preSolution
		Debug|Any CPU = Debug|Any CPU
		Release|Any CPU = Release|Any CPU
	EndGlobalSection
	GlobalSection(ProjectConfigurationPlatforms) = postSolution
		{668B6DC2-84A9-4151-A8F8-AFA652B37D3F}.Debug|Any CPU.ActiveCfg = Debug|Any CPU
		{668B6DC2-84A9-4151-A8F8-AFA652B37D3F}.Debug|Any CPU.Build.0 = Debug|Any CPU
		{668B6DC2-84A9-4151-A8F8-AFA652B37D3F}.Release|Any CPU.ActiveCfg = Release|Any CPU
		{668B6DC2-84A9-4151-A8F8-AFA652B37D3F}.Release|Any CPU.Build.0 = Release|Any CPU
	EndGlobalSection
	GlobalSection(SolutionProperties) = preSolution
		HideSolutionNode = FALSE
	EndGlobalSection
	GlobalSection(ExtensibilityGlobals) = postSolution
		SolutionGuid = {27A4E3AF-CE21-46CB-8F05-6881C5E50168}
	EndGlobalSection
EndGlobal
